{
    "name": "alpinejs",
    "version": "3.0.0",
    "lockfileVersion": 2,
    "requires": true,
    "packages": {
        "": {
            "version": "3.0.0",
            "license": "MIT",
            "dependencies": {
                "@vue/reactivity": "^3.0.2"
            }
        },
        "node_modules/@vue/reactivity": {
            "version": "3.0.11",
            "resolved": "https://registry.npmjs.org/@vue/reactivity/-/reactivity-3.0.11.tgz",
            "integrity": "sha512-SKM3YKxtXHBPMf7yufXeBhCZ4XZDKP9/iXeQSC8bBO3ivBuzAi4aZi0bNoeE2IF2iGfP/AHEt1OU4ARj4ao/Xw==",
            "dependencies": {
                "@vue/shared": "3.0.11"
            }
        },
        "node_modules/@vue/shared": {
            "version": "3.0.11",
            "resolved": "https://registry.npmjs.org/@vue/shared/-/shared-3.0.11.tgz",
            "integrity": "sha512-b+zB8A2so8eCE0JsxjL24J7vdGl8rzPQ09hZNhystm+KqSbKcAej1A+Hbva1rCMmTTqA+hFnUSDc5kouEo0JzA=="
        }
    },
    "dependencies": {
        "@vue/reactivity": {
            "version": "3.0.11",
            "resolved": "https://registry.npmjs.org/@vue/reactivity/-/reactivity-3.0.11.tgz",
            "integrity": "sha512-SKM3YKxtXHBPMf7yufXeBhCZ4XZDKP9/iXeQSC8bBO3ivBuzAi4aZi0bNoeE2IF2iGfP/AHEt1OU4ARj4ao/Xw==",
            "requires": {
                "@vue/shared": "3.0.11"
            }
        },
        "@vue/shared": {
            "version": "3.0.11",
            "resolved": "https://registry.npmjs.org/@vue/shared/-/shared-3.0.11.tgz",
            "integrity": "sha512-b+zB8A2so8eCE0JsxjL24J7vdGl8rzPQ09hZNhystm+KqSbKcAej1A+Hbva1rCMmTTqA+hFnUSDc5kouEo0JzA=="
        }
    }
}
