{
    "name": "@alpinejs/trap",
    "version": "0.1.0",
    "lockfileVersion": 2,
    "requires": true,
    "packages": {
        "": {
            "name": "@alpinejs/trap",
            "version": "0.1.0",
            "license": "MIT",
            "dependencies": {
                "wicg-inert": "^3.1.1"
            }
        },
        "node_modules/wicg-inert": {
            "version": "3.1.1",
            "resolved": "https://registry.npmjs.org/wicg-inert/-/wicg-inert-3.1.1.tgz",
            "integrity": "sha512-PhBaNh8ur9Xm4Ggy4umelwNIP6pPP1bv3EaWaKqfb/QNme2rdLjm7wIInvV4WhxVHhzA4Spgw9qNSqWtB/ca2A=="
        }
    },
    "dependencies": {
        "wicg-inert": {
            "version": "3.1.1",
            "resolved": "https://registry.npmjs.org/wicg-inert/-/wicg-inert-3.1.1.tgz",
            "integrity": "sha512-PhBaNh8ur9Xm4Ggy4umelwNIP6pPP1bv3EaWaKqfb/QNme2rdLjm7wIInvV4WhxVHhzA4Spgw9qNSqWtB/ca2A=="
        }
    }
}
